// !$*UTF8*$!
{
	archiveVersion = 1;
	classes = {
	};
	objectVersion = 50;
	objects = {

/* Begin PBXBuildFile section */
		5ACCFE332180E08000119179 /* AppDelegate.m in Sources */ = {isa = PBXBuildFile; fileRef = 5ACCFE322180E08000119179 /* AppDelegate.m */; };
		5ACCFE362180E08000119179 /* ViewController.m in Sources */ = {isa = PBXBuildFile; fileRef = 5ACCFE352180E08000119179 /* ViewController.m */; };
		5ACCFE392180E08000119179 /* Main.storyboard in Resources */ = {isa = PBXBuildFile; fileRef = 5ACCFE372180E08000119179 /* Main.storyboard */; };
		5ACCFE3B2180E08200119179 /* Assets.xcassets in Resources */ = {isa = PBXBuildFile; fileRef = 5ACCFE3A2180E08200119179 /* Assets.xcassets */; };
		5ACCFE3E2180E08200119179 /* LaunchScreen.storyboard in Resources */ = {isa = PBXBuildFile; fileRef = 5ACCFE3C2180E08200119179 /* LaunchScreen.storyboard */; };
		5ACCFE412180E08200119179 /* main.m in Sources */ = {isa = PBXBuildFile; fileRef = 5ACCFE402180E08200119179 /* main.m */; };
		5ACCFE4B2180E08200119179 /* CookieCrispTests.m in Sources */ = {isa = PBXBuildFile; fileRef = 5ACCFE4A2180E08200119179 /* CookieCrispTests.m */; };
		5ACCFE562180E08200119179 /* CookieCrispUITests.m in Sources */ = {isa = PBXBuildFile; fileRef = 5ACCFE552180E08200119179 /* CookieCrispUITests.m */; };
		5ACCFE6C2180E77600119179 /* SessionDelegate.m in Sources */ = {isa = PBXBuildFile; fileRef = 5ACCFE6B2180E77600119179 /* SessionDelegate.m */; };
/* End PBXBuildFile section */

/* Begin PBXContainerItemProxy section */
		5ACCFE472180E08200119179 /* PBXContainerItemProxy */ = {
			isa = PBXContainerItemProxy;
			containerPortal = 5ACCFE262180E08000119179 /* Project object */;
			proxyType = 1;
			remoteGlobalIDString = 5ACCFE2D2180E08000119179;
			remoteInfo = CookieCrisp;
		};
		5ACCFE522180E08200119179 /* PBXContainerItemProxy */ = {
			isa = PBXContainerItemProxy;
			containerPortal = 5ACCFE262180E08000119179 /* Project object */;
			proxyType = 1;
			remoteGlobalIDString = 5ACCFE2D2180E08000119179;
			remoteInfo = CookieCrisp;
		};
/* End PBXContainerItemProxy section */

/* Begin PBXFileReference section */
		5ACCFE2E2180E08000119179 /* CookieCrisp.app */ = {isa = PBXFileReference; explicitFileType = wrapper.application; includeInIndex = 0; path = CookieCrisp.app; sourceTree = BUILT_PRODUCTS_DIR; };
		5ACCFE312180E08000119179 /* AppDelegate.h */ = {isa = PBXFileReference; lastKnownFileType = sourcecode.c.h; path = AppDelegate.h; sourceTree = "<group>"; };
		5ACCFE322180E08000119179 /* AppDelegate.m */ = {isa = PBXFileReference; lastKnownFileType = sourcecode.c.objc; path = AppDelegate.m; sourceTree = "<group>"; };
		5ACCFE342180E08000119179 /* ViewController.h */ = {isa = PBXFileReference; lastKnownFileType = sourcecode.c.h; path = ViewController.h; sourceTree = "<group>"; };
		5ACCFE352180E08000119179 /* ViewController.m */ = {isa = PBXFileReference; lastKnownFileType = sourcecode.c.objc; path = ViewController.m; sourceTree = "<group>"; };
		5ACCFE382180E08000119179 /* Base */ = {isa = PBXFileReference; lastKnownFileType = file.storyboard; name = Base; path = Base.lproj/Main.storyboard; sourceTree = "<group>"; };
		5ACCFE3A2180E08200119179 /* Assets.xcassets */ = {isa = PBXFileReference; lastKnownFileType = folder.assetcatalog; path = Assets.xcassets; sourceTree = "<group>"; };
		5ACCFE3D2180E08200119179 /* Base */ = {isa = PBXFileReference; lastKnownFileType = file.storyboard; name = Base; path = Base.lproj/LaunchScreen.storyboard; sourceTree = "<group>"; };
		5ACCFE3F2180E08200119179 /* Info.plist */ = {isa = PBXFileReference; lastKnownFileType = text.plist.xml; path = Info.plist; sourceTree = "<group>"; };
		5ACCFE402180E08200119179 /* main.m */ = {isa = PBXFileReference; lastKnownFileType = sourcecode.c.objc; path = main.m; sourceTree = "<group>"; };
		5ACCFE462180E08200119179 /* CookieCrispTests.xctest */ = {isa = PBXFileReference; explicitFileType = wrapper.cfbundle; includeInIndex = 0; path = CookieCrispTests.xctest; sourceTree = BUILT_PRODUCTS_DIR; };
		5ACCFE4A2180E08200119179 /* CookieCrispTests.m */ = {isa = PBXFileReference; lastKnownFileType = sourcecode.c.objc; path = CookieCrispTests.m; sourceTree = "<group>"; };
		5ACCFE4C2180E08200119179 /* Info.plist */ = {isa = PBXFileReference; lastKnownFileType = text.plist.xml; path = Info.plist; sourceTree = "<group>"; };
		5ACCFE512180E08200119179 /* CookieCrispUITests.xctest */ = {isa = PBXFileReference; explicitFileType = wrapper.cfbundle; includeInIndex = 0; path = CookieCrispUITests.xctest; sourceTree = BUILT_PRODUCTS_DIR; };
		5ACCFE552180E08200119179 /* CookieCrispUITests.m */ = {isa = PBXFileReference; lastKnownFileType = sourcecode.c.objc; path = CookieCrispUITests.m; sourceTree = "<group>"; };
		5ACCFE572180E08200119179 /* Info.plist */ = {isa = PBXFileReference; lastKnownFileType = text.plist.xml; path = Info.plist; sourceTree = "<group>"; };
		5ACCFE6A2180E65000119179 /* SessionDelegate.h */ = {isa = PBXFileReference; lastKnownFileType = sourcecode.c.h; path = SessionDelegate.h; sourceTree = "<group>"; };
		5ACCFE6B2180E77600119179 /* SessionDelegate.m */ = {isa = PBXFileReference; lastKnownFileType = sourcecode.c.objc; path = SessionDelegate.m; sourceTree = "<group>"; };
/* End PBXFileReference section */

/* Begin PBXFrameworksBuildPhase section */
		5ACCFE2B2180E08000119179 /* Frameworks */ = {
			isa = PBXFrameworksBuildPhase;
			buildActionMask = 2147483647;
			files = (
			);
			runOnlyForDeploymentPostprocessing = 0;
		};
		5ACCFE432180E08200119179 /* Frameworks */ = {
			isa = PBXFrameworksBuildPhase;
			buildActionMask = 2147483647;
			files = (
			);
			runOnlyForDeploymentPostprocessing = 0;
		};
		5ACCFE4E2180E08200119179 /* Frameworks */ = {
			isa = PBXFrameworksBuildPhase;
			buildActionMask = 2147483647;
			files = (
			);
			runOnlyForDeploymentPostprocessing = 0;
		};
/* End PBXFrameworksBuildPhase section */

/* Begin PBXGroup section */
		5ACCFE252180E08000119179 = {
			isa = PBXGroup;
			children = (
				5ACCFE302180E08000119179 /* CookieCrisp */,
				5ACCFE492180E08200119179 /* CookieCrispTests */,
				5ACCFE542180E08200119179 /* CookieCrispUITests */,
				5ACCFE2F2180E08000119179 /* Products */,
			);
			sourceTree = "<group>";
		};
		5ACCFE2F2180E08000119179 /* Products */ = {
			isa = PBXGroup;
			children = (
				5ACCFE2E2180E08000119179 /* CookieCrisp.app */,
				5ACCFE462180E08200119179 /* CookieCrispTests.xctest */,
				5ACCFE512180E08200119179 /* CookieCrispUITests.xctest */,
			);
			name = Products;
			sourceTree = "<group>";
		};
		5ACCFE302180E08000119179 /* CookieCrisp */ = {
			isa = PBXGroup;
			children = (
				5ACCFE312180E08000119179 /* AppDelegate.h */,
				5ACCFE322180E08000119179 /* AppDelegate.m */,
				5ACCFE6A2180E65000119179 /* SessionDelegate.h */,
				5ACCFE6B2180E77600119179 /* SessionDelegate.m */,
				5ACCFE342180E08000119179 /* ViewController.h */,
				5ACCFE352180E08000119179 /* ViewController.m */,
				5ACCFE372180E08000119179 /* Main.storyboard */,
				5ACCFE3A2180E08200119179 /* Assets.xcassets */,
				5ACCFE3C2180E08200119179 /* LaunchScreen.storyboard */,
				5ACCFE3F2180E08200119179 /* Info.plist */,
				5ACCFE402180E08200119179 /* main.m */,
			);
			path = CookieCrisp;
			sourceTree = "<group>";
		};
		5ACCFE492180E08200119179 /* CookieCrispTests */ = {
			isa = PBXGroup;
			children = (
				5ACCFE4A2180E08200119179 /* CookieCrispTests.m */,
				5ACCFE4C2180E08200119179 /* Info.plist */,
			);
			path = CookieCrispTests;
			sourceTree = "<group>";
		};
		5ACCFE542180E08200119179 /* CookieCrispUITests */ = {
			isa = PBXGroup;
			children = (
				5ACCFE552180E08200119179 /* CookieCrispUITests.m */,
				5ACCFE572180E08200119179 /* Info.plist */,
			);
			path = CookieCrispUITests;
			sourceTree = "<group>";
		};
/* End PBXGroup section */

/* Begin PBXNativeTarget section */
		5ACCFE2D2180E08000119179 /* CookieCrisp */ = {
			isa = PBXNativeTarget;
			buildConfigurationList = 5ACCFE5A2180E08200119179 /* Build configuration list for PBXNativeTarget "CookieCrisp" */;
			buildPhases = (
				5ACCFE2A2180E08000119179 /* Sources */,
				5ACCFE2B2180E08000119179 /* Frameworks */,
				5ACCFE2C2180E08000119179 /* Resources */,
			);
			buildRules = (
			);
			dependencies = (
			);
			name = CookieCrisp;
			productName = CookieCrisp;
			productReference = 5ACCFE2E2180E08000119179 /* CookieCrisp.app */;
			productType = "com.apple.product-type.application";
		};
		5ACCFE452180E08200119179 /* CookieCrispTests */ = {
			isa = PBXNativeTarget;
			buildConfigurationList = 5ACCFE5D2180E08200119179 /* Build configuration list for PBXNativeTarget "CookieCrispTests" */;
			buildPhases = (
				5ACCFE422180E08200119179 /* Sources */,
				5ACCFE432180E08200119179 /* Frameworks */,
				5ACCFE442180E08200119179 /* Resources */,
			);
			buildRules = (
			);
			dependencies = (
				5ACCFE482180E08200119179 /* PBXTargetDependency */,
			);
			name = CookieCrispTests;
			productName = CookieCrispTests;
			productReference = 5ACCFE462180E08200119179 /* CookieCrispTests.xctest */;
			productType = "com.apple.product-type.bundle.unit-test";
		};
		5ACCFE502180E08200119179 /* CookieCrispUITests */ = {
			isa = PBXNativeTarget;
			buildConfigurationList = 5ACCFE602180E08200119179 /* Build configuration list for PBXNativeTarget "CookieCrispUITests" */;
			buildPhases = (
				5ACCFE4D2180E08200119179 /* Sources */,
				5ACCFE4E2180E08200119179 /* Frameworks */,
				5ACCFE4F2180E08200119179 /* Resources */,
			);
			buildRules = (
			);
			dependencies = (
				5ACCFE532180E08200119179 /* PBXTargetDependency */,
			);
			name = CookieCrispUITests;
			productName = CookieCrispUITests;
			productReference = 5ACCFE512180E08200119179 /* CookieCrispUITests.xctest */;
			productType = "com.apple.product-type.bundle.ui-testing";
		};
/* End PBXNativeTarget section */

/* Begin PBXProject section */
		5ACCFE262180E08000119179 /* Project object */ = {
			isa = PBXProject;
			attributes = {
				LastUpgradeCheck = 0940;
				ORGANIZATIONNAME = "Michael Lupo";
				TargetAttributes = {
					5ACCFE2D2180E08000119179 = {
						CreatedOnToolsVersion = 9.4.1;
					};
					5ACCFE452180E08200119179 = {
						CreatedOnToolsVersion = 9.4.1;
						TestTargetID = 5ACCFE2D2180E08000119179;
					};
					5ACCFE502180E08200119179 = {
						CreatedOnToolsVersion = 9.4.1;
						TestTargetID = 5ACCFE2D2180E08000119179;
					};
				};
			};
			buildConfigurationList = 5ACCFE292180E08000119179 /* Build configuration list for PBXProject "CookieCrisp" */;
			compatibilityVersion = "Xcode 9.3";
			developmentRegion = en;
			hasScannedForEncodings = 0;
			knownRegions = (
				en,
				Base,
			);
			mainGroup = 5ACCFE252180E08000119179;
			productRefGroup = 5ACCFE2F2180E08000119179 /* Products */;
			projectDirPath = "";
			projectRoot = "";
			targets = (
				5ACCFE2D2180E08000119179 /* CookieCrisp */,
				5ACCFE452180E08200119179 /* CookieCrispTests */,
				5ACCFE502180E08200119179 /* CookieCrispUITests */,
			);
		};
/* End PBXProject section */

/* Begin PBXResourcesBuildPhase section */
		5ACCFE2C2180E08000119179 /* Resources */ = {
			isa = PBXResourcesBuildPhase;
			buildActionMask = 2147483647;
			files = (
				5ACCFE3E2180E08200119179 /* LaunchScreen.storyboard in Resources */,
				5ACCFE3B2180E08200119179 /* Assets.xcassets in Resources */,
				5ACCFE392180E08000119179 /* Main.storyboard in Resources */,
			);
			runOnlyForDeploymentPostprocessing = 0;
		};
		5ACCFE442180E08200119179 /* Resources */ = {
			isa = PBXResourcesBuildPhase;
			buildActionMask = 2147483647;
			files = (
			);
			runOnlyForDeploymentPostprocessing = 0;
		};
		5ACCFE4F2180E08200119179 /* Resources */ = {
			isa = PBXResourcesBuildPhase;
			buildActionMask = 2147483647;
			files = (
			);
			runOnlyForDeploymentPostprocessing = 0;
		};
/* End PBXResourcesBuildPhase section */

/* Begin PBXSourcesBuildPhase section */
		5ACCFE2A2180E08000119179 /* Sources */ = {
			isa = PBXSourcesBuildPhase;
			buildActionMask = 2147483647;
			files = (
				5ACCFE362180E08000119179 /* ViewController.m in Sources */,
				5ACCFE412180E08200119179 /* main.m in Sources */,
				5ACCFE332180E08000119179 /* AppDelegate.m in Sources */,
				5ACCFE6C2180E77600119179 /* SessionDelegate.m in Sources */,
			);
			runOnlyForDeploymentPostprocessing = 0;
		};
		5ACCFE422180E08200119179 /* Sources */ = {
			isa = PBXSourcesBuildPhase;
			buildActionMask = 2147483647;
			files = (
				5ACCFE4B2180E08200119179 /* CookieCrispTests.m in Sources */,
			);
			runOnlyForDeploymentPostprocessing = 0;
		};
		5ACCFE4D2180E08200119179 /* Sources */ = {
			isa = PBXSourcesBuildPhase;
			buildActionMask = 2147483647;
			files = (
				5ACCFE562180E08200119179 /* CookieCrispUITests.m in Sources */,
			);
			runOnlyForDeploymentPostprocessing = 0;
		};
/* End PBXSourcesBuildPhase section */

/* Begin PBXTargetDependency section */
		5ACCFE482180E08200119179 /* PBXTargetDependency */ = {
			isa = PBXTargetDependency;
			target = 5ACCFE2D2180E08000119179 /* CookieCrisp */;
			targetProxy = 5ACCFE472180E08200119179 /* PBXContainerItemProxy */;
		};
		5ACCFE532180E08200119179 /* PBXTargetDependency */ = {
			isa = PBXTargetDependency;
			target = 5ACCFE2D2180E08000119179 /* CookieCrisp */;
			targetProxy = 5ACCFE522180E08200119179 /* PBXContainerItemProxy */;
		};
/* End PBXTargetDependency section */

/* Begin PBXVariantGroup section */
		5ACCFE372180E08000119179 /* Main.storyboard */ = {
			isa = PBXVariantGroup;
			children = (
				5ACCFE382180E08000119179 /* Base */,
			);
			name = Main.storyboard;
			sourceTree = "<group>";
		};
		5ACCFE3C2180E08200119179 /* LaunchScreen.storyboard */ = {
			isa = PBXVariantGroup;
			children = (
				5ACCFE3D2180E08200119179 /* Base */,
			);
			name = LaunchScreen.storyboard;
			sourceTree = "<group>";
		};
/* End PBXVariantGroup section */

/* Begin XCBuildConfiguration section */
		5ACCFE582180E08200119179 /* Debug */ = {
			isa = XCBuildConfiguration;
			buildSettings = {
				ALWAYS_SEARCH_USER_PATHS = NO;
				CLANG_ANALYZER_NONNULL = YES;
				CLANG_ANALYZER_NUMBER_OBJECT_CONVERSION = YES_AGGRESSIVE;
				CLANG_CXX_LANGUAGE_STANDARD = "gnu++14";
				CLANG_CXX_LIBRARY = "libc++";
				CLANG_ENABLE_MODULES = YES;
				CLANG_ENABLE_OBJC_ARC = YES;
				CLANG_ENABLE_OBJC_WEAK = YES;
				CLANG_WARN_BLOCK_CAPTURE_AUTORELEASING = YES;
				CLANG_WARN_BOOL_CONVERSION = YES;
				CLANG_WARN_COMMA = YES;
				CLANG_WARN_CONSTANT_CONVERSION = YES;
				CLANG_WARN_DEPRECATED_OBJC_IMPLEMENTATIONS = YES;
				CLANG_WARN_DIRECT_OBJC_ISA_USAGE = YES_ERROR;
				CLANG_WARN_DOCUMENTATION_COMMENTS = YES;
				CLANG_WARN_EMPTY_BODY = YES;
				CLANG_WARN_ENUM_CONVERSION = YES;
				CLANG_WARN_INFINITE_RECURSION = YES;
				CLANG_WARN_INT_CONVERSION = YES;
				CLANG_WARN_NON_LITERAL_NULL_CONVERSION = YES;
				CLANG_WARN_OBJC_IMPLICIT_RETAIN_SELF = YES;
				CLANG_WARN_OBJC_LITERAL_CONVERSION = YES;
				CLANG_WARN_OBJC_ROOT_CLASS = YES_ERROR;
				CLANG_WARN_RANGE_LOOP_ANALYSIS = YES;
				CLANG_WARN_STRICT_PROTOTYPES = YES;
				CLANG_WARN_SUSPICIOUS_MOVE = YES;
				CLANG_WARN_UNGUARDED_AVAILABILITY = YES_AGGRESSIVE;
				CLANG_WARN_UNREACHABLE_CODE = YES;
				CLANG_WARN__DUPLICATE_METHOD_MATCH = YES;
				CODE_SIGN_IDENTITY = "iPhone Developer";
				COPY_PHASE_STRIP = NO;
				DEBUG_INFORMATION_FORMAT = dwarf;
				ENABLE_STRICT_OBJC_MSGSEND = YES;
				ENABLE_TESTABILITY = YES;
				GCC_C_LANGUAGE_STANDARD = gnu11;
				GCC_DYNAMIC_NO_PIC = NO;
				GCC_NO_COMMON_BLOCKS = YES;
				GCC_OPTIMIZATION_LEVEL = 0;
				GCC_PREPROCESSOR_DEFINITIONS = (
					"DEBUG=1",
					"$(inherited)",
				);
				GCC_WARN_64_TO_32_BIT_CONVERSION = YES;
				GCC_WARN_ABOUT_RETURN_TYPE = YES_ERROR;
				GCC_WARN_UNDECLARED_SELECTOR = YES;
				GCC_WARN_UNINITIALIZED_AUTOS = YES_AGGRESSIVE;
				GCC_WARN_UNUSED_FUNCTION = YES;
				GCC_WARN_UNUSED_VARIABLE = YES;
				IPHONEOS_DEPLOYMENT_TARGET = 11.4;
				MTL_ENABLE_DEBUG_INFO = YES;
				ONLY_ACTIVE_ARCH = YES;
				SDKROOT = iphoneos;
			};
			name = Debug;
		};
		5ACCFE592180E08200119179 /* Release */ = {
			isa = XCBuildConfiguration;
			buildSettings = {
				ALWAYS_SEARCH_USER_PATHS = NO;
				CLANG_ANALYZER_NONNULL = YES;
				CLANG_ANALYZER_NUMBER_OBJECT_CONVERSION = YES_AGGRESSIVE;
				CLANG_CXX_LANGUAGE_STANDARD = "gnu++14";
				CLANG_CXX_LIBRARY = "libc++";
				CLANG_ENABLE_MODULES = YES;
				CLANG_ENABLE_OBJC_ARC = YES;
				CLANG_ENABLE_OBJC_WEAK = YES;
				CLANG_WARN_BLOCK_CAPTURE_AUTORELEASING = YES;
				CLANG_WARN_BOOL_CONVERSION = YES;
				CLANG_WARN_COMMA = YES;
				CLANG_WARN_CONSTANT_CONVERSION = YES;
				CLANG_WARN_DEPRECATED_OBJC_IMPLEMENTATIONS = YES;
				CLANG_WARN_DIRECT_OBJC_ISA_USAGE = YES_ERROR;
				CLANG_WARN_DOCUMENTATION_COMMENTS = YES;
				CLANG_WARN_EMPTY_BODY = YES;
				CLANG_WARN_ENUM_CONVERSION = YES;
				CLANG_WARN_INFINITE_RECURSION = YES;
				CLANG_WARN_INT_CONVERSION = YES;
				CLANG_WARN_NON_LITERAL_NULL_CONVERSION = YES;
				CLANG_WARN_OBJC_IMPLICIT_RETAIN_SELF = YES;
				CLANG_WARN_OBJC_LITERAL_CONVERSION = YES;
				CLANG_WARN_OBJC_ROOT_CLASS = YES_ERROR;
				CLANG_WARN_RANGE_LOOP_ANALYSIS = YES;
				CLANG_WARN_STRICT_PROTOTYPES = YES;
				CLANG_WARN_SUSPICIOUS_MOVE = YES;
				CLANG_WARN_UNGUARDED_AVAILABILITY = YES_AGGRESSIVE;
				CLANG_WARN_UNREACHABLE_CODE = YES;
				CLANG_WARN__DUPLICATE_METHOD_MATCH = YES;
				CODE_SIGN_IDENTITY = "iPhone Developer";
				COPY_PHASE_STRIP = NO;
				DEBUG_INFORMATION_FORMAT = "dwarf-with-dsym";
				ENABLE_NS_ASSERTIONS = NO;
				ENABLE_STRICT_OBJC_MSGSEND = YES;
				GCC_C_LANGUAGE_STANDARD = gnu11;
				GCC_NO_COMMON_BLOCKS = YES;
				GCC_WARN_64_TO_32_BIT_CONVERSION = YES;
				GCC_WARN_ABOUT_RETURN_TYPE = YES_ERROR;
				GCC_WARN_UNDECLARED_SELECTOR = YES;
				GCC_WARN_UNINITIALIZED_AUTOS = YES_AGGRESSIVE;
				GCC_WARN_UNUSED_FUNCTION = YES;
				GCC_WARN_UNUSED_VARIABLE = YES;
				IPHONEOS_DEPLOYMENT_TARGET = 11.4;
				MTL_ENABLE_DEBUG_INFO = NO;
				SDKROOT = iphoneos;
				VALIDATE_PRODUCT = YES;
			};
			name = Release;
		};
		5ACCFE5B2180E08200119179 /* Debug */ = {
			isa = XCBuildConfiguration;
			buildSettings = {
				ASSETCATALOG_COMPILER_APPICON_NAME = AppIcon;
				CODE_SIGN_STYLE = Automatic;
				DEVELOPMENT_TEAM = L2F5F4758P;
				INFOPLIST_FILE = CookieCrisp/Info.plist;
				LD_RUNPATH_SEARCH_PATHS = (
					"$(inherited)",
					"@executable_path/Frameworks",
				);
				PRODUCT_BUNDLE_IDENTIFIER = com.akamai.voc.CookieCrisp;
				PRODUCT_NAME = "$(TARGET_NAME)";
				TARGETED_DEVICE_FAMILY = "1,2";
			};
			name = Debug;
		};
		5ACCFE5C2180E08200119179 /* Release */ = {
			isa = XCBuildConfiguration;
			buildSettings = {
				ASSETCATALOG_COMPILER_APPICON_NAME = AppIcon;
				CODE_SIGN_STYLE = Automatic;
				DEVELOPMENT_TEAM = L2F5F4758P;
				INFOPLIST_FILE = CookieCrisp/Info.plist;
				LD_RUNPATH_SEARCH_PATHS = (
					"$(inherited)",
					"@executable_path/Frameworks",
				);
				PRODUCT_BUNDLE_IDENTIFIER = com.akamai.voc.CookieCrisp;
				PRODUCT_NAME = "$(TARGET_NAME)";
				TARGETED_DEVICE_FAMILY = "1,2";
			};
			name = Release;
		};
		5ACCFE5E2180E08200119179 /* Debug */ = {
			isa = XCBuildConfiguration;
			buildSettings = {
				BUNDLE_LOADER = "$(TEST_HOST)";
				CODE_SIGN_STYLE = Automatic;
				DEVELOPMENT_TEAM = L2F5F4758P;
				INFOPLIST_FILE = CookieCrispTests/Info.plist;
				LD_RUNPATH_SEARCH_PATHS = (
					"$(inherited)",
					"@executable_path/Frameworks",
					"@loader_path/Frameworks",
				);
				PRODUCT_BUNDLE_IDENTIFIER = com.akamai.voc.CookieCrispTests;
				PRODUCT_NAME = "$(TARGET_NAME)";
				TARGETED_DEVICE_FAMILY = "1,2";
				TEST_HOST = "$(BUILT_PRODUCTS_DIR)/CookieCrisp.app/CookieCrisp";
			};
			name = Debug;
		};
		5ACCFE5F2180E08200119179 /* Release */ = {
			isa = XCBuildConfiguration;
			buildSettings = {
				BUNDLE_LOADER = "$(TEST_HOST)";
				CODE_SIGN_STYLE = Automatic;
				DEVELOPMENT_TEAM = L2F5F4758P;
				INFOPLIST_FILE = CookieCrispTests/Info.plist;
				LD_RUNPATH_SEARCH_PATHS = (
					"$(inherited)",
					"@executable_path/Frameworks",
					"@loader_path/Frameworks",
				);
				PRODUCT_BUNDLE_IDENTIFIER = com.akamai.voc.CookieCrispTests;
				PRODUCT_NAME = "$(TARGET_NAME)";
				TARGETED_DEVICE_FAMILY = "1,2";
				TEST_HOST = "$(BUILT_PRODUCTS_DIR)/CookieCrisp.app/CookieCrisp";
			};
			name = Release;
		};
		5ACCFE612180E08200119179 /* Debug */ = {
			isa = XCBuildConfiguration;
			buildSettings = {
				CODE_SIGN_STYLE = Automatic;
				DEVELOPMENT_TEAM = L2F5F4758P;
				INFOPLIST_FILE = CookieCrispUITests/Info.plist;
				LD_RUNPATH_SEARCH_PATHS = (
					"$(inherited)",
					"@executable_path/Frameworks",
					"@loader_path/Frameworks",
				);
				PRODUCT_BUNDLE_IDENTIFIER = com.akamai.voc.CookieCrispUITests;
				PRODUCT_NAME = "$(TARGET_NAME)";
				TARGETED_DEVICE_FAMILY = "1,2";
				TEST_TARGET_NAME = CookieCrisp;
			};
			name = Debug;
		};
		5ACCFE622180E08200119179 /* Release */ = {
			isa = XCBuildConfiguration;
			buildSettings = {
				CODE_SIGN_STYLE = Automatic;
				DEVELOPMENT_TEAM = L2F5F4758P;
				INFOPLIST_FILE = CookieCrispUITests/Info.plist;
				LD_RUNPATH_SEARCH_PATHS = (
					"$(inherited)",
					"@executable_path/Frameworks",
					"@loader_path/Frameworks",
				);
				PRODUCT_BUNDLE_IDENTIFIER = com.akamai.voc.CookieCrispUITests;
				PRODUCT_NAME = "$(TARGET_NAME)";
				TARGETED_DEVICE_FAMILY = "1,2";
				TEST_TARGET_NAME = CookieCrisp;
			};
			name = Release;
		};
/* End XCBuildConfiguration section */

/* Begin XCConfigurationList section */
		5ACCFE292180E08000119179 /* Build configuration list for PBXProject "CookieCrisp" */ = {
			isa = XCConfigurationList;
			buildConfigurations = (
				5ACCFE582180E08200119179 /* Debug */,
				5ACCFE592180E08200119179 /* Release */,
			);
			defaultConfigurationIsVisible = 0;
			defaultConfigurationName = Release;
		};
		5ACCFE5A2180E08200119179 /* Build configuration list for PBXNativeTarget "CookieCrisp" */ = {
			isa = XCConfigurationList;
			buildConfigurations = (
				5ACCFE5B2180E08200119179 /* Debug */,
				5ACCFE5C2180E08200119179 /* Release */,
			);
			defaultConfigurationIsVisible = 0;
			defaultConfigurationName = Release;
		};
		5ACCFE5D2180E08200119179 /* Build configuration list for PBXNativeTarget "CookieCrispTests" */ = {
			isa = XCConfigurationList;
			buildConfigurations = (
				5ACCFE5E2180E08200119179 /* Debug */,
				5ACCFE5F2180E08200119179 /* Release */,
			);
			defaultConfigurationIsVisible = 0;
			defaultConfigurationName = Release;
		};
		5ACCFE602180E08200119179 /* Build configuration list for PBXNativeTarget "CookieCrispUITests" */ = {
			isa = XCConfigurationList;
			buildConfigurations = (
				5ACCFE612180E08200119179 /* Debug */,
				5ACCFE622180E08200119179 /* Release */,
			);
			defaultConfigurationIsVisible = 0;
			defaultConfigurationName = Release;
		};
/* End XCConfigurationList section */
	};
	rootObject = 5ACCFE262180E08000119179 /* Project object */;
}
